
Microsoft Visual Studio Solution File, Format Version 12.00
# Visual Studio 15
VisualStudioVersion = 15.0.27428.2037
MinimumVisualStudioVersion = 10.0.40219.1
Project("{FAE04EC0-301F-11D3-BF4B-00C04F79EFBC}") = "ResistorService", "ResistorService\ResistorService.csproj", "{10BDE7FF-720B-4C3E-B2B6-CEEACB6F0C83}"
EndProject
Project("{FAE04EC0-301F-11D3-BF4B-00C04F79EFBC}") = "StructureContainer", "StructureContainer\StructureContainer.csproj", "{1313BDB1-E117-4B68-BD75-399649F8468F}"
EndProject
Project("{FAE04EC0-301F-11D3-BF4B-00C04F79EFBC}") = "ResistorTest", "ResistorTest\ResistorTest.csproj", "{1B795802-19EF-4B50-B8A7-EB6AEE5AE90C}"
EndProject
Project("{FAE04EC0-301F-11D3-BF4B-00C04F79EFBC}") = "ResistorWebApp", "ResistorWebApp\ResistorWebApp.csproj", "{0A87B131-6338-4167-B714-C093FD7C759D}"
EndProject
Global
	GlobalSection(SolutionConfigurationPlatforms) = preSolution
		Debug|Any CPU = Debug|Any CPU
		Release|Any CPU = Release|Any CPU
	EndGlobalSection
	GlobalSection(ProjectConfigurationPlatforms) = postSolution
		{10BDE7FF-720B-4C3E-B2B6-CEEACB6F0C83}.Debug|Any CPU.ActiveCfg = Debug|Any CPU
		{10BDE7FF-720B-4C3E-B2B6-CEEACB6F0C83}.Debug|Any CPU.Build.0 = Debug|Any CPU
		{10BDE7FF-720B-4C3E-B2B6-CEEACB6F0C83}.Release|Any CPU.ActiveCfg = Release|Any CPU
		{10BDE7FF-720B-4C3E-B2B6-CEEACB6F0C83}.Release|Any CPU.Build.0 = Release|Any CPU
		{1313BDB1-E117-4B68-BD75-399649F8468F}.Debug|Any CPU.ActiveCfg = Debug|Any CPU
		{1313BDB1-E117-4B68-BD75-399649F8468F}.Debug|Any CPU.Build.0 = Debug|Any CPU
		{1313BDB1-E117-4B68-BD75-399649F8468F}.Release|Any CPU.ActiveCfg = Release|Any CPU
		{1313BDB1-E117-4B68-BD75-399649F8468F}.Release|Any CPU.Build.0 = Release|Any CPU
		{1B795802-19EF-4B50-B8A7-EB6AEE5AE90C}.Debug|Any CPU.ActiveCfg = Debug|Any CPU
		{1B795802-19EF-4B50-B8A7-EB6AEE5AE90C}.Debug|Any CPU.Build.0 = Debug|Any CPU
		{1B795802-19EF-4B50-B8A7-EB6AEE5AE90C}.Release|Any CPU.ActiveCfg = Release|Any CPU
		{1B795802-19EF-4B50-B8A7-EB6AEE5AE90C}.Release|Any CPU.Build.0 = Release|Any CPU
		{0A87B131-6338-4167-B714-C093FD7C759D}.Debug|Any CPU.ActiveCfg = Debug|Any CPU
		{0A87B131-6338-4167-B714-C093FD7C759D}.Debug|Any CPU.Build.0 = Debug|Any CPU
		{0A87B131-6338-4167-B714-C093FD7C759D}.Release|Any CPU.ActiveCfg = Release|Any CPU
		{0A87B131-6338-4167-B714-C093FD7C759D}.Release|Any CPU.Build.0 = Release|Any CPU
	EndGlobalSection
	GlobalSection(SolutionProperties) = preSolution
		HideSolutionNode = FALSE
	EndGlobalSection
	GlobalSection(ExtensibilityGlobals) = postSolution
		SolutionGuid = {0C6341CF-BAE9-46F7-B400-04F018CEF91C}
	EndGlobalSection
EndGlobal
